// !$*UTF8*$!
{
	archiveVersion = 1;
	classes = {
	};
	objectVersion = 55;
	objects = {

/* Begin PBXBuildFile section */
		FE03893D29138793006794D0 /* LoginApi.swift in Sources */ = {isa = PBXBuildFile; fileRef = FE03893C29138793006794D0 /* LoginApi.swift */; };
		FE03893F291387C3006794D0 /* UserStorage.swift in Sources */ = {isa = PBXBuildFile; fileRef = FE03893E291387C3006794D0 /* UserStorage.swift */; };
		FE140CD429150B63002AA958 /* LoginCore in Frameworks */ = {isa = PBXBuildFile; productRef = FE140CD329150B63002AA958 /* LoginCore */; };
		FE140CD629150B63002AA958 /* LoginUI in Frameworks */ = {isa = PBXBuildFile; productRef = FE140CD529150B63002AA958 /* LoginUI */; };
		FE140CD829150B63002AA958 /* SharedUI in Frameworks */ = {isa = PBXBuildFile; productRef = FE140CD729150B63002AA958 /* SharedUI */; };
		FE140CDA29150B63002AA958 /* UserCore in Frameworks */ = {isa = PBXBuildFile; productRef = FE140CD929150B63002AA958 /* UserCore */; };
		FE140CDC29150B63002AA958 /* UserUI in Frameworks */ = {isa = PBXBuildFile; productRef = FE140CDB29150B63002AA958 /* UserUI */; };
		FEAA3BA929029451004B78D6 /* AppDelegate.swift in Sources */ = {isa = PBXBuildFile; fileRef = FEAA3BA829029451004B78D6 /* AppDelegate.swift */; };
		FEAA3BB229029454004B78D6 /* Assets.xcassets in Resources */ = {isa = PBXBuildFile; fileRef = FEAA3BB129029454004B78D6 /* Assets.xcassets */; };
		FEAA3BB529029454004B78D6 /* LaunchScreen.storyboard in Resources */ = {isa = PBXBuildFile; fileRef = FEAA3BB329029454004B78D6 /* LaunchScreen.storyboard */; };
		FEAA3BC72902A9A5004B78D6 /* RegisterDependencies.swift in Sources */ = {isa = PBXBuildFile; fileRef = FEAA3BC62902A9A5004B78D6 /* RegisterDependencies.swift */; };
/* End PBXBuildFile section */

/* Begin PBXFileReference section */
		FE03893C29138793006794D0 /* LoginApi.swift */ = {isa = PBXFileReference; lastKnownFileType = sourcecode.swift; path = LoginApi.swift; sourceTree = "<group>"; };
		FE03893E291387C3006794D0 /* UserStorage.swift */ = {isa = PBXFileReference; lastKnownFileType = sourcecode.swift; path = UserStorage.swift; sourceTree = "<group>"; };
		FE140CDD29150C3A002AA958 /* Modules */ = {isa = PBXFileReference; lastKnownFileType = wrapper; path = Modules; sourceTree = "<group>"; };
		FEAA3BA529029451004B78D6 /* IdealUIKit.app */ = {isa = PBXFileReference; explicitFileType = wrapper.application; includeInIndex = 0; path = IdealUIKit.app; sourceTree = BUILT_PRODUCTS_DIR; };
		FEAA3BA829029451004B78D6 /* AppDelegate.swift */ = {isa = PBXFileReference; lastKnownFileType = sourcecode.swift; path = AppDelegate.swift; sourceTree = "<group>"; };
		FEAA3BB129029454004B78D6 /* Assets.xcassets */ = {isa = PBXFileReference; lastKnownFileType = folder.assetcatalog; path = Assets.xcassets; sourceTree = "<group>"; };
		FEAA3BB429029454004B78D6 /* Base */ = {isa = PBXFileReference; lastKnownFileType = file.storyboard; name = Base; path = Base.lproj/LaunchScreen.storyboard; sourceTree = "<group>"; };
		FEAA3BB629029454004B78D6 /* Info.plist */ = {isa = PBXFileReference; lastKnownFileType = text.plist.xml; path = Info.plist; sourceTree = "<group>"; };
		FEAA3BC62902A9A5004B78D6 /* RegisterDependencies.swift */ = {isa = PBXFileReference; lastKnownFileType = sourcecode.swift; path = RegisterDependencies.swift; sourceTree = "<group>"; };
/* End PBXFileReference section */

/* Begin PBXFrameworksBuildPhase section */
		FEAA3BA229029451004B78D6 /* Frameworks */ = {
			isa = PBXFrameworksBuildPhase;
			buildActionMask = 2147483647;
			files = (
				FE140CDC29150B63002AA958 /* UserUI in Frameworks */,
				FE140CDA29150B63002AA958 /* UserCore in Frameworks */,
				FE140CD829150B63002AA958 /* SharedUI in Frameworks */,
				FE140CD629150B63002AA958 /* LoginUI in Frameworks */,
				FE140CD429150B63002AA958 /* LoginCore in Frameworks */,
			);
			runOnlyForDeploymentPostprocessing = 0;
		};
/* End PBXFrameworksBuildPhase section */

/* Begin PBXGroup section */
		FE03894029138871006794D0 /* Services */ = {
			isa = PBXGroup;
			children = (
				FE03893C29138793006794D0 /* LoginApi.swift */,
				FE03893E291387C3006794D0 /* UserStorage.swift */,
			);
			path = Services;
			sourceTree = "<group>";
		};
		FE140CC729150B3E002AA958 /* Packages */ = {
			isa = PBXGroup;
			children = (
				FE140CDD29150C3A002AA958 /* Modules */,
			);
			name = Packages;
			sourceTree = "<group>";
		};
		FEAA3B9C29029451004B78D6 = {
			isa = PBXGroup;
			children = (
				FE140CC729150B3E002AA958 /* Packages */,
				FEAA3BA729029451004B78D6 /* App */,
				FEAA3BA629029451004B78D6 /* Products */,
				FEAA3BC029029694004B78D6 /* Frameworks */,
			);
			sourceTree = "<group>";
		};
		FEAA3BA629029451004B78D6 /* Products */ = {
			isa = PBXGroup;
			children = (
				FEAA3BA529029451004B78D6 /* IdealUIKit.app */,
			);
			name = Products;
			sourceTree = "<group>";
		};
		FEAA3BA729029451004B78D6 /* App */ = {
			isa = PBXGroup;
			children = (
				FE03894029138871006794D0 /* Services */,
				FEAA3BA829029451004B78D6 /* AppDelegate.swift */,
				FEAA3BC62902A9A5004B78D6 /* RegisterDependencies.swift */,
				FEAA3BB129029454004B78D6 /* Assets.xcassets */,
				FEAA3BB329029454004B78D6 /* LaunchScreen.storyboard */,
				FEAA3BB629029454004B78D6 /* Info.plist */,
			);
			name = App;
			sourceTree = "<group>";
		};
		FEAA3BC029029694004B78D6 /* Frameworks */ = {
			isa = PBXGroup;
			children = (
			);
			name = Frameworks;
			sourceTree = "<group>";
		};
/* End PBXGroup section */

/* Begin PBXNativeTarget section */
		FEAA3BA429029451004B78D6 /* IdealUIKit */ = {
			isa = PBXNativeTarget;
			buildConfigurationList = FEAA3BB929029454004B78D6 /* Build configuration list for PBXNativeTarget "IdealUIKit" */;
			buildPhases = (
				FEAA3BA129029451004B78D6 /* Sources */,
				FEAA3BA229029451004B78D6 /* Frameworks */,
				FEAA3BA329029451004B78D6 /* Resources */,
			);
			buildRules = (
			);
			dependencies = (
				FE140CCA29150B5F002AA958 /* PBXTargetDependency */,
				FE140CCC29150B5F002AA958 /* PBXTargetDependency */,
				FE140CCE29150B5F002AA958 /* PBXTargetDependency */,
				FE140CD029150B5F002AA958 /* PBXTargetDependency */,
				FE140CD229150B5F002AA958 /* PBXTargetDependency */,
			);
			name = IdealUIKit;
			packageProductDependencies = (
				FE140CD329150B63002AA958 /* LoginCore */,
				FE140CD529150B63002AA958 /* LoginUI */,
				FE140CD729150B63002AA958 /* SharedUI */,
				FE140CD929150B63002AA958 /* UserCore */,
				FE140CDB29150B63002AA958 /* UserUI */,
			);
			productName = IdealUIKit;
			productReference = FEAA3BA529029451004B78D6 /* IdealUIKit.app */;
			productType = "com.apple.product-type.application";
		};
/* End PBXNativeTarget section */

/* Begin PBXProject section */
		FEAA3B9D29029451004B78D6 /* Project object */ = {
			isa = PBXProject;
			attributes = {
				BuildIndependentTargetsInParallel = 1;
				LastSwiftUpdateCheck = 1320;
				LastUpgradeCheck = 1320;
				TargetAttributes = {
					FEAA3BA429029451004B78D6 = {
						CreatedOnToolsVersion = 13.2.1;
					};
				};
			};
			buildConfigurationList = FEAA3BA029029451004B78D6 /* Build configuration list for PBXProject "App" */;
			compatibilityVersion = "Xcode 13.0";
			developmentRegion = en;
			hasScannedForEncodings = 0;
			knownRegions = (
				en,
				Base,
			);
			mainGroup = FEAA3B9C29029451004B78D6;
			productRefGroup = FEAA3BA629029451004B78D6 /* Products */;
			projectDirPath = "";
			projectRoot = "";
			targets = (
				FEAA3BA429029451004B78D6 /* IdealUIKit */,
			);
		};
/* End PBXProject section */

/* Begin PBXResourcesBuildPhase section */
		FEAA3BA329029451004B78D6 /* Resources */ = {
			isa = PBXResourcesBuildPhase;
			buildActionMask = 2147483647;
			files = (
				FEAA3BB529029454004B78D6 /* LaunchScreen.storyboard in Resources */,
				FEAA3BB229029454004B78D6 /* Assets.xcassets in Resources */,
			);
			runOnlyForDeploymentPostprocessing = 0;
		};
/* End PBXResourcesBuildPhase section */

/* Begin PBXSourcesBuildPhase section */
		FEAA3BA129029451004B78D6 /* Sources */ = {
			isa = PBXSourcesBuildPhase;
			buildActionMask = 2147483647;
			files = (
				FE03893F291387C3006794D0 /* UserStorage.swift in Sources */,
				FEAA3BC72902A9A5004B78D6 /* RegisterDependencies.swift in Sources */,
				FEAA3BA929029451004B78D6 /* AppDelegate.swift in Sources */,
				FE03893D29138793006794D0 /* LoginApi.swift in Sources */,
			);
			runOnlyForDeploymentPostprocessing = 0;
		};
/* End PBXSourcesBuildPhase section */

/* Begin PBXTargetDependency section */
		FE140CCA29150B5F002AA958 /* PBXTargetDependency */ = {
			isa = PBXTargetDependency;
			productRef = FE140CC929150B5F002AA958 /* LoginCore */;
		};
		FE140CCC29150B5F002AA958 /* PBXTargetDependency */ = {
			isa = PBXTargetDependency;
			productRef = FE140CCB29150B5F002AA958 /* LoginUI */;
		};
		FE140CCE29150B5F002AA958 /* PBXTargetDependency */ = {
			isa = PBXTargetDependency;
			productRef = FE140CCD29150B5F002AA958 /* SharedUI */;
		};
		FE140CD029150B5F002AA958 /* PBXTargetDependency */ = {
			isa = PBXTargetDependency;
			productRef = FE140CCF29150B5F002AA958 /* UserCore */;
		};
		FE140CD229150B5F002AA958 /* PBXTargetDependency */ = {
			isa = PBXTargetDependency;
			productRef = FE140CD129150B5F002AA958 /* UserUI */;
		};
/* End PBXTargetDependency section */

/* Begin PBXVariantGroup section */
		FEAA3BB329029454004B78D6 /* LaunchScreen.storyboard */ = {
			isa = PBXVariantGroup;
			children = (
				FEAA3BB429029454004B78D6 /* Base */,
			);
			name = LaunchScreen.storyboard;
			sourceTree = "<group>";
		};
/* End PBXVariantGroup section */

/* Begin XCBuildConfiguration section */
		FEAA3BB729029454004B78D6 /* Debug */ = {
			isa = XCBuildConfiguration;
			buildSettings = {
				ALWAYS_SEARCH_USER_PATHS = NO;
				CLANG_ANALYZER_NONNULL = YES;
				CLANG_ANALYZER_NUMBER_OBJECT_CONVERSION = YES_AGGRESSIVE;
				CLANG_CXX_LANGUAGE_STANDARD = "gnu++17";
				CLANG_CXX_LIBRARY = "libc++";
				CLANG_ENABLE_MODULES = YES;
				CLANG_ENABLE_OBJC_ARC = YES;
				CLANG_ENABLE_OBJC_WEAK = YES;
				CLANG_WARN_BLOCK_CAPTURE_AUTORELEASING = YES;
				CLANG_WARN_BOOL_CONVERSION = YES;
				CLANG_WARN_COMMA = YES;
				CLANG_WARN_CONSTANT_CONVERSION = YES;
				CLANG_WARN_DEPRECATED_OBJC_IMPLEMENTATIONS = YES;
				CLANG_WARN_DIRECT_OBJC_ISA_USAGE = YES_ERROR;
				CLANG_WARN_DOCUMENTATION_COMMENTS = YES;
				CLANG_WARN_EMPTY_BODY = YES;
				CLANG_WARN_ENUM_CONVERSION = YES;
				CLANG_WARN_INFINITE_RECURSION = YES;
				CLANG_WARN_INT_CONVERSION = YES;
				CLANG_WARN_NON_LITERAL_NULL_CONVERSION = YES;
				CLANG_WARN_OBJC_IMPLICIT_RETAIN_SELF = YES;
				CLANG_WARN_OBJC_LITERAL_CONVERSION = YES;
				CLANG_WARN_OBJC_ROOT_CLASS = YES_ERROR;
				CLANG_WARN_QUOTED_INCLUDE_IN_FRAMEWORK_HEADER = YES;
				CLANG_WARN_RANGE_LOOP_ANALYSIS = YES;
				CLANG_WARN_STRICT_PROTOTYPES = YES;
				CLANG_WARN_SUSPICIOUS_MOVE = YES;
				CLANG_WARN_UNGUARDED_AVAILABILITY = YES_AGGRESSIVE;
				CLANG_WARN_UNREACHABLE_CODE = YES;
				CLANG_WARN__DUPLICATE_METHOD_MATCH = YES;
				COPY_PHASE_STRIP = NO;
				DEBUG_INFORMATION_FORMAT = dwarf;
				ENABLE_STRICT_OBJC_MSGSEND = YES;
				ENABLE_TESTABILITY = YES;
				GCC_C_LANGUAGE_STANDARD = gnu11;
				GCC_DYNAMIC_NO_PIC = NO;
				GCC_NO_COMMON_BLOCKS = YES;
				GCC_OPTIMIZATION_LEVEL = 0;
				GCC_PREPROCESSOR_DEFINITIONS = (
					"DEBUG=1",
					"$(inherited)",
				);
				GCC_WARN_64_TO_32_BIT_CONVERSION = YES;
				GCC_WARN_ABOUT_RETURN_TYPE = YES_ERROR;
				GCC_WARN_UNDECLARED_SELECTOR = YES;
				GCC_WARN_UNINITIALIZED_AUTOS = YES_AGGRESSIVE;
				GCC_WARN_UNUSED_FUNCTION = YES;
				GCC_WARN_UNUSED_VARIABLE = YES;
				IPHONEOS_DEPLOYMENT_TARGET = 15.2;
				MTL_ENABLE_DEBUG_INFO = INCLUDE_SOURCE;
				MTL_FAST_MATH = YES;
				ONLY_ACTIVE_ARCH = YES;
				SDKROOT = iphoneos;
				SWIFT_ACTIVE_COMPILATION_CONDITIONS = DEBUG;
				SWIFT_OPTIMIZATION_LEVEL = "-Onone";
			};
			name = Debug;
		};
		FEAA3BB829029454004B78D6 /* Release */ = {
			isa = XCBuildConfiguration;
			buildSettings = {
				ALWAYS_SEARCH_USER_PATHS = NO;
				CLANG_ANALYZER_NONNULL = YES;
				CLANG_ANALYZER_NUMBER_OBJECT_CONVERSION = YES_AGGRESSIVE;
				CLANG_CXX_LANGUAGE_STANDARD = "gnu++17";
				CLANG_CXX_LIBRARY = "libc++";
				CLANG_ENABLE_MODULES = YES;
				CLANG_ENABLE_OBJC_ARC = YES;
				CLANG_ENABLE_OBJC_WEAK = YES;
				CLANG_WARN_BLOCK_CAPTURE_AUTORELEASING = YES;
				CLANG_WARN_BOOL_CONVERSION = YES;
				CLANG_WARN_COMMA = YES;
				CLANG_WARN_CONSTANT_CONVERSION = YES;
				CLANG_WARN_DEPRECATED_OBJC_IMPLEMENTATIONS = YES;
				CLANG_WARN_DIRECT_OBJC_ISA_USAGE = YES_ERROR;
				CLANG_WARN_DOCUMENTATION_COMMENTS = YES;
				CLANG_WARN_EMPTY_BODY = YES;
				CLANG_WARN_ENUM_CONVERSION = YES;
				CLANG_WARN_INFINITE_RECURSION = YES;
				CLANG_WARN_INT_CONVERSION = YES;
				CLANG_WARN_NON_LITERAL_NULL_CONVERSION = YES;
				CLANG_WARN_OBJC_IMPLICIT_RETAIN_SELF = YES;
				CLANG_WARN_OBJC_LITERAL_CONVERSION = YES;
				CLANG_WARN_OBJC_ROOT_CLASS = YES_ERROR;
				CLANG_WARN_QUOTED_INCLUDE_IN_FRAMEWORK_HEADER = YES;
				CLANG_WARN_RANGE_LOOP_ANALYSIS = YES;
				CLANG_WARN_STRICT_PROTOTYPES = YES;
				CLANG_WARN_SUSPICIOUS_MOVE = YES;
				CLANG_WARN_UNGUARDED_AVAILABILITY = YES_AGGRESSIVE;
				CLANG_WARN_UNREACHABLE_CODE = YES;
				CLANG_WARN__DUPLICATE_METHOD_MATCH = YES;
				COPY_PHASE_STRIP = NO;
				DEBUG_INFORMATION_FORMAT = "dwarf-with-dsym";
				ENABLE_NS_ASSERTIONS = NO;
				ENABLE_STRICT_OBJC_MSGSEND = YES;
				GCC_C_LANGUAGE_STANDARD = gnu11;
				GCC_NO_COMMON_BLOCKS = YES;
				GCC_WARN_64_TO_32_BIT_CONVERSION = YES;
				GCC_WARN_ABOUT_RETURN_TYPE = YES_ERROR;
				GCC_WARN_UNDECLARED_SELECTOR = YES;
				GCC_WARN_UNINITIALIZED_AUTOS = YES_AGGRESSIVE;
				GCC_WARN_UNUSED_FUNCTION = YES;
				GCC_WARN_UNUSED_VARIABLE = YES;
				IPHONEOS_DEPLOYMENT_TARGET = 15.2;
				MTL_ENABLE_DEBUG_INFO = NO;
				MTL_FAST_MATH = YES;
				SDKROOT = iphoneos;
				SWIFT_COMPILATION_MODE = wholemodule;
				SWIFT_OPTIMIZATION_LEVEL = "-O";
				VALIDATE_PRODUCT = YES;
			};
			name = Release;
		};
		FEAA3BBA29029454004B78D6 /* Debug */ = {
			isa = XCBuildConfiguration;
			buildSettings = {
				ASSETCATALOG_COMPILER_APPICON_NAME = AppIcon;
				ASSETCATALOG_COMPILER_GLOBAL_ACCENT_COLOR_NAME = AccentColor;
				CODE_SIGN_STYLE = Automatic;
				CURRENT_PROJECT_VERSION = 1;
				DEVELOPMENT_TEAM = L5FA4QG79Y;
				GENERATE_INFOPLIST_FILE = YES;
				INFOPLIST_FILE = Info.plist;
				INFOPLIST_KEY_UIApplicationSupportsIndirectInputEvents = YES;
				INFOPLIST_KEY_UILaunchStoryboardName = LaunchScreen;
				INFOPLIST_KEY_UISupportedInterfaceOrientations_iPad = "UIInterfaceOrientationPortrait UIInterfaceOrientationPortraitUpsideDown UIInterfaceOrientationLandscapeLeft UIInterfaceOrientationLandscapeRight";
				INFOPLIST_KEY_UISupportedInterfaceOrientations_iPhone = "UIInterfaceOrientationPortrait UIInterfaceOrientationLandscapeLeft UIInterfaceOrientationLandscapeRight";
				LD_RUNPATH_SEARCH_PATHS = (
					"$(inherited)",
					"@executable_path/Frameworks",
				);
				MARKETING_VERSION = 1.0;
				PRODUCT_BUNDLE_IDENTIFIER = com.cjnevin.IdealUIKit;
				PRODUCT_NAME = "$(TARGET_NAME)";
				SWIFT_EMIT_LOC_STRINGS = YES;
				SWIFT_VERSION = 5.0;
				TARGETED_DEVICE_FAMILY = "1,2";
			};
			name = Debug;
		};
		FEAA3BBB29029454004B78D6 /* Release */ = {
			isa = XCBuildConfiguration;
			buildSettings = {
				ASSETCATALOG_COMPILER_APPICON_NAME = AppIcon;
				ASSETCATALOG_COMPILER_GLOBAL_ACCENT_COLOR_NAME = AccentColor;
				CODE_SIGN_STYLE = Automatic;
				CURRENT_PROJECT_VERSION = 1;
				DEVELOPMENT_TEAM = L5FA4QG79Y;
				GENERATE_INFOPLIST_FILE = YES;
				INFOPLIST_FILE = Info.plist;
				INFOPLIST_KEY_UIApplicationSupportsIndirectInputEvents = YES;
				INFOPLIST_KEY_UILaunchStoryboardName = LaunchScreen;
				INFOPLIST_KEY_UISupportedInterfaceOrientations_iPad = "UIInterfaceOrientationPortrait UIInterfaceOrientationPortraitUpsideDown UIInterfaceOrientationLandscapeLeft UIInterfaceOrientationLandscapeRight";
				INFOPLIST_KEY_UISupportedInterfaceOrientations_iPhone = "UIInterfaceOrientationPortrait UIInterfaceOrientationLandscapeLeft UIInterfaceOrientationLandscapeRight";
				LD_RUNPATH_SEARCH_PATHS = (
					"$(inherited)",
					"@executable_path/Frameworks",
				);
				MARKETING_VERSION = 1.0;
				PRODUCT_BUNDLE_IDENTIFIER = com.cjnevin.IdealUIKit;
				PRODUCT_NAME = "$(TARGET_NAME)";
				SWIFT_EMIT_LOC_STRINGS = YES;
				SWIFT_VERSION = 5.0;
				TARGETED_DEVICE_FAMILY = "1,2";
			};
			name = Release;
		};
/* End XCBuildConfiguration section */

/* Begin XCConfigurationList section */
		FEAA3BA029029451004B78D6 /* Build configuration list for PBXProject "App" */ = {
			isa = XCConfigurationList;
			buildConfigurations = (
				FEAA3BB729029454004B78D6 /* Debug */,
				FEAA3BB829029454004B78D6 /* Release */,
			);
			defaultConfigurationIsVisible = 0;
			defaultConfigurationName = Release;
		};
		FEAA3BB929029454004B78D6 /* Build configuration list for PBXNativeTarget "IdealUIKit" */ = {
			isa = XCConfigurationList;
			buildConfigurations = (
				FEAA3BBA29029454004B78D6 /* Debug */,
				FEAA3BBB29029454004B78D6 /* Release */,
			);
			defaultConfigurationIsVisible = 0;
			defaultConfigurationName = Release;
		};
/* End XCConfigurationList section */

/* Begin XCSwiftPackageProductDependency section */
		FE140CC929150B5F002AA958 /* LoginCore */ = {
			isa = XCSwiftPackageProductDependency;
			productName = LoginCore;
		};
		FE140CCB29150B5F002AA958 /* LoginUI */ = {
			isa = XCSwiftPackageProductDependency;
			productName = LoginUI;
		};
		FE140CCD29150B5F002AA958 /* SharedUI */ = {
			isa = XCSwiftPackageProductDependency;
			productName = SharedUI;
		};
		FE140CCF29150B5F002AA958 /* UserCore */ = {
			isa = XCSwiftPackageProductDependency;
			productName = UserCore;
		};
		FE140CD129150B5F002AA958 /* UserUI */ = {
			isa = XCSwiftPackageProductDependency;
			productName = UserUI;
		};
		FE140CD329150B63002AA958 /* LoginCore */ = {
			isa = XCSwiftPackageProductDependency;
			productName = LoginCore;
		};
		FE140CD529150B63002AA958 /* LoginUI */ = {
			isa = XCSwiftPackageProductDependency;
			productName = LoginUI;
		};
		FE140CD729150B63002AA958 /* SharedUI */ = {
			isa = XCSwiftPackageProductDependency;
			productName = SharedUI;
		};
		FE140CD929150B63002AA958 /* UserCore */ = {
			isa = XCSwiftPackageProductDependency;
			productName = UserCore;
		};
		FE140CDB29150B63002AA958 /* UserUI */ = {
			isa = XCSwiftPackageProductDependency;
			productName = UserUI;
		};
/* End XCSwiftPackageProductDependency section */
	};
	rootObject = FEAA3B9D29029451004B78D6 /* Project object */;
}
