{
  "pins" : [
    {
      "identity" : "assert",
      "kind" : "remoteSourceControl",
      "location" : "https://github.com/cjnevin/Assert",
      "state" : {
        "revision" : "05bca1e506ea75b8312d8b2e7891493a46388634",
        "version" : "1.0.3"
      }
    },
    {
      "identity" : "autolayoutbuilder",
      "kind" : "remoteSourceControl",
      "location" : "https://github.com/cjnevin/AutoLayoutBuilder",
      "state" : {
        "revision" : "70e1518d3e0c6d533684776788b79264fc99336f",
        "version" : "1.1.0"
      }
    },
    {
      "identity" : "dependencycontainer",
      "kind" : "remoteSourceControl",
      "location" : "https://github.com/cjnevin/DependencyContainer",
      "state" : {
        "revision" : "2e531ad1d39ce7c7507a192927f4afe216e0ac1d",
        "version" : "1.0.1"
      }
    },
    {
      "identity" : "emptiabletypes",
      "kind" : "remoteSourceControl",
      "location" : "https://github.com/cjnevin/EmptiableTypes",
      "state" : {
        "revision" : "116a97dda2b93f36f95a2009ac3a143cc4405147",
        "version" : "1.0.1"
      }
    },
    {
      "identity" : "mockolo",
      "kind" : "remoteSourceControl",
      "location" : "https://github.com/uber/mockolo",
      "state" : {
        "revision" : "6deb37451f4a13baca5a3cfb83699e833500f60f",
        "version" : "1.8.0"
      }
    },
    {
      "identity" : "monoidtypes",
      "kind" : "remoteSourceControl",
      "location" : "https://github.com/cjnevin/MonoidTypes",
      "state" : {
        "revision" : "c7cb6cc7b5523f75a26ad0aaafbef42fbbcca99b",
        "version" : "1.0.2"
      }
    },
    {
      "identity" : "phantomtypes",
      "kind" : "remoteSourceControl",
      "location" : "https://github.com/cjnevin/PhantomTypes",
      "state" : {
        "revision" : "d9e8c571239cc13d5b9ddc615b32bbb89035de24",
        "version" : "1.0.8"
      }
    },
    {
      "identity" : "propertywrappers",
      "kind" : "remoteSourceControl",
      "location" : "https://github.com/cjnevin/PropertyWrappers",
      "state" : {
        "revision" : "fcb5d85ccbf8de4c1a60052dcb376c5e6366fa9a",
        "version" : "1.0.2"
      }
    },
    {
      "identity" : "swift-argument-parser",
      "kind" : "remoteSourceControl",
      "location" : "https://github.com/apple/swift-argument-parser",
      "state" : {
        "revision" : "fddd1c00396eed152c45a46bea9f47b98e59301d",
        "version" : "1.2.0"
      }
    },
    {
      "identity" : "swift-syntax",
      "kind" : "remoteSourceControl",
      "location" : "https://github.com/apple/swift-syntax.git",
      "state" : {
        "revision" : "72d3da66b085c2299dd287c2be3b92b5ebd226de",
        "version" : "0.50700.1"
      }
    },
    {
      "identity" : "swift-system",
      "kind" : "remoteSourceControl",
      "location" : "https://github.com/apple/swift-system.git",
      "state" : {
        "revision" : "836bc4557b74fe6d2660218d56e3ce96aff76574",
        "version" : "1.1.1"
      }
    },
    {
      "identity" : "swift-tools-support-core",
      "kind" : "remoteSourceControl",
      "location" : "https://github.com/apple/swift-tools-support-core.git",
      "state" : {
        "revision" : "4f07be3dc201f6e2ee85b6942d0c220a16926811",
        "version" : "0.2.7"
      }
    },
    {
      "identity" : "wrappedtypes",
      "kind" : "remoteSourceControl",
      "location" : "https://github.com/cjnevin/WrappedTypes",
      "state" : {
        "revision" : "5302b23177cb8a3c350668e43fa85c24b4ada65e",
        "version" : "1.0.1"
      }
    }
  ],
  "version" : 2
}
