{
  "pins" : [
    {
      "identity" : "assert",
      "kind" : "remoteSourceControl",
      "location" : "https://github.com/cjnevin/Assert",
      "state" : {
        "revision" : "05bca1e506ea75b8312d8b2e7891493a46388634",
        "version" : "1.0.3"
      }
    },
    {
      "identity" : "autolayoutbuilder",
      "kind" : "remoteSourceControl",
      "location" : "https://github.com/cjnevin/AutoLayoutBuilder",
      "state" : {
        "revision" : "70e1518d3e0c6d533684776788b79264fc99336f",
        "version" : "1.1.0"
      }
    },
    {
      "identity" : "dependencycontainer",
      "kind" : "remoteSourceControl",
      "location" : "https://github.com/cjnevin/DependencyContainer",
      "state" : {
        "revision" : "2e531ad1d39ce7c7507a192927f4afe216e0ac1d",
        "version" : "1.0.1"
      }
    },
    {
      "identity" : "emptiabletypes",
      "kind" : "remoteSourceControl",
      "location" : "https://github.com/cjnevin/EmptiableTypes",
      "state" : {
        "revision" : "116a97dda2b93f36f95a2009ac3a143cc4405147",
        "version" : "1.0.1"
      }
    },
    {
      "identity" : "monoidtypes",
      "kind" : "remoteSourceControl",
      "location" : "https://github.com/cjnevin/MonoidTypes",
      "state" : {
        "revision" : "c7cb6cc7b5523f75a26ad0aaafbef42fbbcca99b",
        "version" : "1.0.2"
      }
    },
    {
      "identity" : "phantomtypes",
      "kind" : "remoteSourceControl",
      "location" : "https://github.com/cjnevin/PhantomTypes",
      "state" : {
        "revision" : "d9e8c571239cc13d5b9ddc615b32bbb89035de24",
        "version" : "1.0.8"
      }
    },
    {
      "identity" : "propertywrappers",
      "kind" : "remoteSourceControl",
      "location" : "https://github.com/cjnevin/PropertyWrappers",
      "state" : {
        "revision" : "fcb5d85ccbf8de4c1a60052dcb376c5e6366fa9a",
        "version" : "1.0.2"
      }
    },
    {
      "identity" : "wrappedtypes",
      "kind" : "remoteSourceControl",
      "location" : "https://github.com/cjnevin/WrappedTypes",
      "state" : {
        "revision" : "5302b23177cb8a3c350668e43fa85c24b4ada65e",
        "version" : "1.0.1"
      }
    }
  ],
  "version" : 2
}
