{
  "object": {
    "pins": [
      {
        "package": "AutoLayoutBuilder",
        "repositoryURL": "https://github.com/cjnevin/AutoLayoutBuilder",
        "state": {
          "branch": null,
          "revision": "70e1518d3e0c6d533684776788b79264fc99336f",
          "version": "1.1.0"
        }
      },
      {
        "package": "EmptiableTypes",
        "repositoryURL": "https://github.com/cjnevin/EmptiableTypes",
        "state": {
          "branch": null,
          "revision": "116a97dda2b93f36f95a2009ac3a143cc4405147",
          "version": "1.0.1"
        }
      },
      {
        "package": "MonoidTypes",
        "repositoryURL": "https://github.com/cjnevin/MonoidTypes",
        "state": {
          "branch": null,
          "revision": "c7cb6cc7b5523f75a26ad0aaafbef42fbbcca99b",
          "version": "1.0.2"
        }
      },
      {
        "package": "PhantomTypes",
        "repositoryURL": "https://github.com/cjnevin/PhantomTypes",
        "state": {
          "branch": null,
          "revision": "00288cf33b5265e82a8d282fc15a9544b63998db",
          "version": "1.0.7"
        }
      },
      {
        "package": "PropertyWrappers",
        "repositoryURL": "https://github.com/cjnevin/PropertyWrappers",
        "state": {
          "branch": null,
          "revision": "fcb5d85ccbf8de4c1a60052dcb376c5e6366fa9a",
          "version": "1.0.2"
        }
      },
      {
        "package": "WrappedTypes",
        "repositoryURL": "https://github.com/cjnevin/WrappedTypes",
        "state": {
          "branch": null,
          "revision": "5302b23177cb8a3c350668e43fa85c24b4ada65e",
          "version": "1.0.1"
        }
      }
    ]
  },
  "version": 1
}
